<?xml version="1.0" encoding="utf-8"?>
<Project ToolsVersion="4.0" xmlns="http://schemas.microsoft.com/developer/msbuild/2003">
  <ItemGroup>
    <Filter Include="Resource Files">
      <UniqueIdentifier>{67DA6AB6-F800-4c08-8B7A-83BB121AAD01}</UniqueIdentifier>
      <Extensions>rc;ico;cur;bmp;dlg;rc2;rct;bin;rgs;gif;jpg;jpeg;jpe;resx;tiff;tif;png;wav;mfcribbon-ms</Extensions>
    </Filter>
    <Filter Include="Source">
      <UniqueIdentifier>{fadacaa7-d869-4ab0-81ac-d94839e58d6b}</UniqueIdentifier>
    </Filter>
    <Filter Include="Source\Core">
      <UniqueIdentifier>{ab033fdb-4403-4e6c-b951-ddbfa48b53c8}</UniqueIdentifier>
    </Filter>
    <Filter Include="Source\Core\Vectors">
      <UniqueIdentifier>{7259f1cb-c85c-44af-8942-bc347c508b3d}</UniqueIdentifier>
    </Filter>
    <Filter Include="Source\Core\Vectors\Algebra">
      <UniqueIdentifier>{32bfc846-d184-4692-ac9b-20b622d11a5e}</UniqueIdentifier>
    </Filter>
    <Filter Include="Source\Core\Matrices">
      <UniqueIdentifier>{d9020ff1-5d15-478a-ab2a-a14e154a01df}</UniqueIdentifier>
    </Filter>
    <Filter Include="Source\Core\Matrices\Algebra">
      <UniqueIdentifier>{3ae9f2b6-f4d3-451d-a8a1-38d37c6cd9ee}</UniqueIdentifier>
    </Filter>
    <Filter Include="Source\Shapes">
      <UniqueIdentifier>{330d636d-e9a6-481f-8f2a-44686331c2ac}</UniqueIdentifier>
    </Filter>
  </ItemGroup>
  <ItemGroup>
    <ClInclude Include="Core\Constants.h">
      <Filter>Source\Core</Filter>
    </ClInclude>
    <ClInclude Include="Core\Basics.h">
      <Filter>Source\Core</Filter>
    </ClInclude>
    <ClInclude Include="Core\Vector2.h">
      <Filter>Source\Core\Vectors</Filter>
    </ClInclude>
    <ClInclude Include="Core\Vector3.h">
      <Filter>Source\Core\Vectors</Filter>
    </ClInclude>
    <ClInclude Include="Configuration.h">
      <Filter>Source</Filter>
    </ClInclude>
    <ClInclude Include="Core\Vector4.h">
      <Filter>Source\Core\Vectors</Filter>
    </ClInclude>
    <ClInclude Include="Core\Vector2_Functions.h">
      <Filter>Source\Core\Vectors\Algebra</Filter>
    </ClInclude>
    <ClInclude Include="Core\Vector3_Functions.h">
      <Filter>Source\Core\Vectors\Algebra</Filter>
    </ClInclude>
    <ClInclude Include="Core\Vectors.h">
      <Filter>Source\Core</Filter>
    </ClInclude>
    <ClInclude Include="Core\Vector4_Functions.h">
      <Filter>Source\Core\Vectors\Algebra</Filter>
    </ClInclude>
    <ClInclude Include="Core\Interpolation.h">
      <Filter>Source\Core</Filter>
    </ClInclude>
    <ClInclude Include="Core\Matrix3.h">
      <Filter>Source\Core\Matrices</Filter>
    </ClInclude>
    <ClInclude Include="Core\Matrix3_Functions.h">
      <Filter>Source\Core\Matrices\Algebra</Filter>
    </ClInclude>
    <ClInclude Include="Core\Matrix4.h">
      <Filter>Source\Core\Matrices</Filter>
    </ClInclude>
    <ClInclude Include="Core\Matrix4_Functions.h">
      <Filter>Source\Core\Matrices\Algebra</Filter>
    </ClInclude>
    <ClInclude Include="Shapes\Rectangle.h">
      <Filter>Source\Shapes</Filter>
    </ClInclude>
    <ClInclude Include="Shapes\Rectangle_Functions.h">
      <Filter>Source\Shapes</Filter>
    </ClInclude>
  </ItemGroup>
  <ItemGroup>
    <ClCompile Include="Core\Vector2.cpp">
      <Filter>Source\Core\Vectors</Filter>
    </ClCompile>
    <ClCompile Include="Main.cpp" />
    <ClCompile Include="Core\Vector3.cpp">
      <Filter>Source\Core\Vectors</Filter>
    </ClCompile>
    <ClCompile Include="Core\Vector4.cpp">
      <Filter>Source\Core\Vectors</Filter>
    </ClCompile>
    <ClCompile Include="Core\Matrix3.cpp">
      <Filter>Source\Core\Matrices</Filter>
    </ClCompile>
    <ClCompile Include="Core\Matrix4.cpp">
      <Filter>Source\Core\Matrices</Filter>
    </ClCompile>
    <ClCompile Include="Shapes\Rectangle.cpp">
      <Filter>Source\Shapes</Filter>
    </ClCompile>
  </ItemGroup>
</Project>