<?xml version="1.0" encoding="utf-8"?>
<Project ToolsVersion="4.0" xmlns="http://schemas.microsoft.com/developer/msbuild/2003">
  <ItemGroup>
    <Filter Include="Resource Files">
      <UniqueIdentifier>{67DA6AB6-F800-4c08-8B7A-83BB121AAD01}</UniqueIdentifier>
      <Extensions>rc;ico;cur;bmp;dlg;rc2;rct;bin;rgs;gif;jpg;jpeg;jpe;resx;tiff;tif;png;wav;mfcribbon-ms</Extensions>
    </Filter>
    <Filter Include="Source">
      <UniqueIdentifier>{fadacaa7-d869-4ab0-81ac-d94839e58d6b}</UniqueIdentifier>
    </Filter>
    <Filter Include="Source\Core">
      <UniqueIdentifier>{ab033fdb-4403-4e6c-b951-ddbfa48b53c8}</UniqueIdentifier>
    </Filter>
    <Filter Include="Source\Core\Vectors">
      <UniqueIdentifier>{7259f1cb-c85c-44af-8942-bc347c508b3d}</UniqueIdentifier>
    </Filter>
  </ItemGroup>
  <ItemGroup>
    <ClInclude Include="Core\Constants.h">
      <Filter>Source\Core</Filter>
    </ClInclude>
    <ClInclude Include="Core\Basics.h">
      <Filter>Source\Core</Filter>
    </ClInclude>
    <ClInclude Include="Core\Vector2.h">
      <Filter>Source\Core\Vectors</Filter>
    </ClInclude>
    <ClInclude Include="Core\Vector3.h">
      <Filter>Source\Core\Vectors</Filter>
    </ClInclude>
  </ItemGroup>
  <ItemGroup>
    <ClCompile Include="Core\Vector2.cpp">
      <Filter>Source\Core\Vectors</Filter>
    </ClCompile>
    <ClCompile Include="Main.cpp" />
  </ItemGroup>
</Project>